PODS:
  - AFNetworking (4.0.1):
    - AFNetworking/NSURLSession (= 4.0.1)
    - AFNetworking/Reachability (= 4.0.1)
    - AFNetworking/Security (= 4.0.1)
    - AFNetworking/Serialization (= 4.0.1)
    - AFNetworking/UIKit (= 4.0.1)
  - AFNetworking/NSURLSession (4.0.1):
    - AFNetworking/Reachability
    - AFNetworking/Security
    - AFNetworking/Serialization
  - AFNetworking/Reachability (4.0.1)
  - AFNetworking/Security (4.0.1)
  - AFNetworking/Serialization (4.0.1)
  - AFNetworking/UIKit (4.0.1):
    - AFNetworking/NSURLSession
  - AFViewShaker (0.0.5)
  - Alamofire (4.9.1)
  - AMap3DMap-NO-IDFA (9.7.0):
    - AMapFoundation-NO-IDFA (>= 1.8.0)
  - AMapFoundation-NO-IDFA (1.8.2)
  - AMapLocation-NO-IDFA (2.10.0):
    - AMapFoundation-NO-IDFA (>= 1.8.0)
  - Charts (3.6.0):
    - Charts/Core (= 3.6.0)
  - Charts/Core (3.6.0)
  - CocoaLumberjack (3.3.0):
    - CocoaLumberjack/Default (= 3.3.0)
    - CocoaLumberjack/Extensions (= 3.3.0)
  - CocoaLumberjack/Default (3.3.0)
  - CocoaLumberjack/Extensions (3.3.0):
    - CocoaLumberjack/Default
  - ESTabBarController-swift (2.8.0)
  - GrowingTextView (0.6.1)
  - GYSide (0.0.5)
  - IQKeyboardManager (6.5.11)
  - Kingfisher (4.10.1)
  - LEEAlert (1.4.2)
  - LLCycleScrollView (1.5.4):
    - Kingfisher (<= 4.10.1)
  - LMReport (0.0.1)
  - lottie-ios (2.5.3)
  - LYEmptyView (1.3.1)
  - Masonry (1.1.0)
  - MBProgressHUD (1.2.0)
  - MJExtension (3.4.1)
  - MJRefresh (3.7.5)
  - Moya (13.0.1):
    - Moya/Core (= 13.0.1)
  - Moya/Core (13.0.1):
    - Alamofire (~> 4.1)
    - Result (~> 4.1)
  - PPBadgeView (3.1.0)
  - RATreeView (2.1.2)
  - ReactiveObjC (3.1.1)
  - Result (4.1.0)
  - SDCycleScrollView (1.82):
    - SDWebImage (>= 5.0.0)
  - SDWebImage (5.18.2):
    - SDWebImage/Core (= 5.18.2)
  - SDWebImage/Core (5.18.2)
  - SlideMenuControllerOC (1.0.2)
  - SSZipArchive (2.2.2)
  - SVProgressHUD (2.2.5)
  - SwiftyJSON (5.0.1)
  - TXIMSDK_Smart_iOS (5.1.138)
  - TZImagePickerController (3.8.3):
    - TZImagePickerController/Basic (= 3.8.3)
    - TZImagePickerController/Location (= 3.8.3)
  - TZImagePickerController/Basic (3.8.3)
  - TZImagePickerController/Location (3.8.3)
  - YTKNetwork (3.0.6):
    - AFNetworking/NSURLSession (~> 4.0)
  - YYKit (1.0.9):
    - YYKit/no-arc (= 1.0.9)
  - YYKit/no-arc (1.0.9)

DEPENDENCIES:
  - AFNetworking (= 4.0.1)
  - AFViewShaker (~> 0.0.4)
  - AMap3DMap-NO-IDFA
  - AMapLocation-NO-IDFA
  - Charts
  - CocoaLumberjack (~> 3.3.0)
  - ESTabBarController-swift
  - GrowingTextView (~> 0.6.1)
  - GYSide
  - IQKeyboardManager (= 6.5.11)
  - LEEAlert (= 1.4.2)
  - LLCycleScrollView
  - LMReport
  - lottie-ios (= 2.5.3)
  - LYEmptyView
  - Masonry (~> 1.1.0)
  - MBProgressHUD (from `https://github.com/jdg/MBProgressHUD.git`, commit `18c442d57398cee5ef57f852df10fc5ff65f0763`)
  - MJExtension
  - MJRefresh
  - Moya
  - PPBadgeView
  - RATreeView (~> 2.1.2)
  - ReactiveObjC (= 3.1.1)
  - SDCycleScrollView (~> 1.75)
  - SDWebImage (= 5.18.2)
  - SlideMenuControllerOC
  - SSZipArchive (= 2.2.2)
  - SVProgressHUD
  - SwiftyJSON
  - TXIMSDK_Smart_iOS (= 5.1.138)
  - TZImagePickerController (~> 3.0)
  - YTKNetwork
  - YYKit (= 1.0.9)

SPEC REPOS:
  https://github.com/CocoaPods/Specs.git:
    - AFNetworking
    - AFViewShaker
    - Alamofire
    - AMap3DMap-NO-IDFA
    - AMapFoundation-NO-IDFA
    - AMapLocation-NO-IDFA
    - Charts
    - CocoaLumberjack
    - ESTabBarController-swift
    - GrowingTextView
    - GYSide
    - IQKeyboardManager
    - Kingfisher
    - LEEAlert
    - LLCycleScrollView
    - LMReport
    - lottie-ios
    - LYEmptyView
    - Masonry
    - MJExtension
    - MJRefresh
    - Moya
    - PPBadgeView
    - RATreeView
    - ReactiveObjC
    - Result
    - SDCycleScrollView
    - SDWebImage
    - SlideMenuControllerOC
    - SSZipArchive
    - SVProgressHUD
    - SwiftyJSON
    - TXIMSDK_Smart_iOS
    - TZImagePickerController
    - YTKNetwork
    - YYKit

EXTERNAL SOURCES:
  MBProgressHUD:
    :commit: 18c442d57398cee5ef57f852df10fc5ff65f0763
    :git: https://github.com/jdg/MBProgressHUD.git

CHECKOUT OPTIONS:
  MBProgressHUD:
    :commit: 18c442d57398cee5ef57f852df10fc5ff65f0763
    :git: https://github.com/jdg/MBProgressHUD.git

SPEC CHECKSUMS:
  AFNetworking: 3bd23d814e976cd148d7d44c3ab78017b744cd58
  AFViewShaker: fc201fa4c0030e3f4875b9f84ac0763828518b00
  Alamofire: 85e8a02c69d6020a0d734f6054870d7ecb75cf18
  AMap3DMap-NO-IDFA: a3516859f2e82eda9fe9309c57d862f1543c2de4
  AMapFoundation-NO-IDFA: 6ce0ef596d4eb8d934ff498e56747b6de1247b05
  AMapLocation-NO-IDFA: 735791aeb1ba52dff666e4158b86caf4b68b5be7
  Charts: 888b39ae772b3dc79d0a0e659f0419ff9bd3e963
  CocoaLumberjack: 3c8c74683302f9012bb168e1c4b7ae3c0b558431
  ESTabBarController-swift: 05593a6ad64700b03c0eb60ff625916370aa4136
  GrowingTextView: 335aefa45df7df06b01edede1363414d6ee5d6bc
  GYSide: 672895491bf7a809f0631dd8a122ab5d1d601aae
  IQKeyboardManager: ef43ce1ba1e5aaf4adf222c0a46f39761f246879
  Kingfisher: c148cd7b47ebde9989f6bc7c27dcaa79d81279a0
  LEEAlert: 146489ee4f7fce413da4657ecd5625825d6e26b8
  LLCycleScrollView: 77f6e11980d1cd010ee9ee87e94da4e8026ccd21
  LMReport: bca32bc8392d61de121e6c8cc6defda1e2c09c37
  lottie-ios: a50d5c0160425cd4b01b852bb9578963e6d92d31
  LYEmptyView: b6d418cfa38b78df0cf243f9a9c25ccbdc399922
  Masonry: 678fab65091a9290e40e2832a55e7ab731aad201
  MBProgressHUD: 1b0fb447e80a0fda94808180750e8b78a07b3cd2
  MJExtension: 21c5f6f8c4d5d8844b7ae8fbae08fed0b501f961
  MJRefresh: fdf5e979eb406a0341468932d1dfc8b7f9fce961
  Moya: f4a4b80ff2f8a4ffc208dfb31cd91636622fee6e
  PPBadgeView: b50a223638970fd0781e8753250385864b6dd2fe
  RATreeView: 380cde0090cfde21dc6ac29137f49d3b768fdd28
  ReactiveObjC: 011caa393aa0383245f2dcf9bf02e86b80b36040
  Result: bd966fac789cc6c1563440b348ab2598cc24d5c7
  SDCycleScrollView: a0d74c3384caa72bdfc81470bdbc8c14b3e1fbcf
  SDWebImage: c0de394d7cf7f9838aed1fd6bb6037654a4572e4
  SlideMenuControllerOC: e5b1cdc1ff4e1c0eca58c0a64967ab25d95bf85f
  SSZipArchive: fa16b8cc4cdeceb698e5e5d9f67e9558532fbf23
  SVProgressHUD: 1428aafac632c1f86f62aa4243ec12008d7a51d6
  SwiftyJSON: 2f33a42c6fbc52764d96f13368585094bfd8aa5e
  TXIMSDK_Smart_iOS: 0bbc2a288a4f3edc28b7d983e3ecab8fe626b9d8
  TZImagePickerController: e9909edbadf7381140efc5b5c9f5bdbfd630f7d4
  YTKNetwork: c16be90b06be003de9e9cd0d3b187cc8eaf35c04
  YYKit: 7cda43304a8dc3696c449041e2cb3107b4e236e7

PODFILE CHECKSUM: 4bfe56a52e4a56743fcc7611264a2003b4450f3c

COCOAPODS: 1.15.2
